dependencies:
- name: common
  repository: https://charts.bitnami.com/bitnami
  version: 1.7.1
- name: nginx-ingress-controller
  repository: https://charts.bitnami.com/bitnami
  version: 7.6.17
- name: mariadb
  repository: https://charts.bitnami.com/bitnami
  version: 9.4.0
- name: redis
  repository: https://charts.bitnami.com/bitnami
  version: 14.8.7
- name: mongodb
  repository: https://charts.bitnami.com/bitnami
  version: 10.23.8
- name: rabbitmq
  repository: https://charts.bitnami.com/bitnami
  version: 8.19.1
digest: sha256:a365cd6edb9460ef44b2e67a6198ec8412c9c9d66f803a8325844137b8383baa
generated: "2021-08-02T17:12:57.310964683+08:00"
